
Microsoft Visual Studio Solution File, Format Version 12.00
# Visual Studio Version 17
VisualStudioVersion = 17.12.35527.113
MinimumVisualStudioVersion = 10.0.40219.1
Project("{F184B08F-C81C-45F6-A57F-5ABD9991F28F}") = "CommonLibrary", "CommonLibrary\CommonLibrary.vbproj", "{3CBAFBE6-03FD-4A1D-B349-1935D0C89FF4}"
EndProject
Project("{F184B08F-C81C-45F6-A57F-5ABD9991F28F}") = "CommonLibraryCore", "CommonLibraryCore\CommonLibraryCore.vbproj", "{9CE6FA8E-C2A9-4992-AA9A-700B8ABDB055}"
EndProject
Project("{FAE04EC0-301F-11D3-BF4B-00C04F79EFBC}") = "GadecLibrary", "GadecLibrary\GadecLibrary.csproj", "{AEC48059-C924-4C09-ACB0-6CA2344FD2BB}"
EndProject
Project("{FAE04EC0-301F-11D3-BF4B-00C04F79EFBC}") = "GadecLibraryTests", "GadecLibraryTests\GadecLibraryTests.csproj", "{1A5D934A-BDEA-464E-8B0D-9DB5CECD3F2C}"
EndProject
Project("{FAE04EC0-301F-11D3-BF4B-00C04F79EFBC}") = "GadecFormsLibrary", "GadecFormsLibrary\GadecFormsLibrary.csproj", "{B42FEE26-5A45-430C-8176-7B12085F76CF}"
EndProject
Global
	GlobalSection(SolutionConfigurationPlatforms) = preSolution
		Debug|Any CPU = Debug|Any CPU
		Release|Any CPU = Release|Any CPU
	EndGlobalSection
	GlobalSection(ProjectConfigurationPlatforms) = postSolution
		{3CBAFBE6-03FD-4A1D-B349-1935D0C89FF4}.Debug|Any CPU.ActiveCfg = Debug|Any CPU
		{3CBAFBE6-03FD-4A1D-B349-1935D0C89FF4}.Debug|Any CPU.Build.0 = Debug|Any CPU
		{3CBAFBE6-03FD-4A1D-B349-1935D0C89FF4}.Release|Any CPU.ActiveCfg = Release|Any CPU
		{3CBAFBE6-03FD-4A1D-B349-1935D0C89FF4}.Release|Any CPU.Build.0 = Release|Any CPU
		{9CE6FA8E-C2A9-4992-AA9A-700B8ABDB055}.Debug|Any CPU.ActiveCfg = Debug|Any CPU
		{9CE6FA8E-C2A9-4992-AA9A-700B8ABDB055}.Debug|Any CPU.Build.0 = Debug|Any CPU
		{9CE6FA8E-C2A9-4992-AA9A-700B8ABDB055}.Release|Any CPU.ActiveCfg = Release|Any CPU
		{9CE6FA8E-C2A9-4992-AA9A-700B8ABDB055}.Release|Any CPU.Build.0 = Release|Any CPU
		{AEC48059-C924-4C09-ACB0-6CA2344FD2BB}.Debug|Any CPU.ActiveCfg = Debug|Any CPU
		{AEC48059-C924-4C09-ACB0-6CA2344FD2BB}.Debug|Any CPU.Build.0 = Debug|Any CPU
		{AEC48059-C924-4C09-ACB0-6CA2344FD2BB}.Release|Any CPU.ActiveCfg = Release|Any CPU
		{AEC48059-C924-4C09-ACB0-6CA2344FD2BB}.Release|Any CPU.Build.0 = Release|Any CPU
		{1A5D934A-BDEA-464E-8B0D-9DB5CECD3F2C}.Debug|Any CPU.ActiveCfg = Debug|Any CPU
		{1A5D934A-BDEA-464E-8B0D-9DB5CECD3F2C}.Debug|Any CPU.Build.0 = Debug|Any CPU
		{1A5D934A-BDEA-464E-8B0D-9DB5CECD3F2C}.Release|Any CPU.ActiveCfg = Release|Any CPU
		{1A5D934A-BDEA-464E-8B0D-9DB5CECD3F2C}.Release|Any CPU.Build.0 = Release|Any CPU
		{B42FEE26-5A45-430C-8176-7B12085F76CF}.Debug|Any CPU.ActiveCfg = Debug|Any CPU
		{B42FEE26-5A45-430C-8176-7B12085F76CF}.Debug|Any CPU.Build.0 = Debug|Any CPU
		{B42FEE26-5A45-430C-8176-7B12085F76CF}.Release|Any CPU.ActiveCfg = Release|Any CPU
		{B42FEE26-5A45-430C-8176-7B12085F76CF}.Release|Any CPU.Build.0 = Release|Any CPU
	EndGlobalSection
	GlobalSection(SolutionProperties) = preSolution
		HideSolutionNode = FALSE
	EndGlobalSection
	GlobalSection(ExtensibilityGlobals) = postSolution
		SolutionGuid = {2ADB946C-F576-4EBF-892C-A54187647363}
	EndGlobalSection
EndGlobal
